
Microsoft Visual Studio Solution File, Format Version 12.00
# Visual Studio Version 16
VisualStudioVersion = 16.0.30225.117
MinimumVisualStudioVersion = 10.0.40219.1
Project("{9A19103F-16F7-4668-BE54-9A1E7A4F7556}") = "MJBLogger", "src\lib\MJBLogger.csproj", "{80B15124-C339-43D8-B61D-9832A7D86AA1}"
EndProject
Project("{9A19103F-16F7-4668-BE54-9A1E7A4F7556}") = "Sample", "src\Sample\Sample.csproj", "{2250A126-2CEA-4A10-A54B-6C91B0675763}"
EndProject
Project("{FAE04EC0-301F-11D3-BF4B-00C04F79EFBC}") = "Tests", "Tests\Tests.csproj", "{696F71D1-6689-4ECC-85B9-A44A211DF762}"
EndProject
Global
	GlobalSection(SolutionConfigurationPlatforms) = preSolution
		Debug|Any CPU = Debug|Any CPU
		Release|Any CPU = Release|Any CPU
	EndGlobalSection
	GlobalSection(ProjectConfigurationPlatforms) = postSolution
		{80B15124-C339-43D8-B61D-9832A7D86AA1}.Debug|Any CPU.ActiveCfg = Debug|Any CPU
		{80B15124-C339-43D8-B61D-9832A7D86AA1}.Debug|Any CPU.Build.0 = Debug|Any CPU
		{80B15124-C339-43D8-B61D-9832A7D86AA1}.Release|Any CPU.ActiveCfg = Release|Any CPU
		{80B15124-C339-43D8-B61D-9832A7D86AA1}.Release|Any CPU.Build.0 = Release|Any CPU
		{2250A126-2CEA-4A10-A54B-6C91B0675763}.Debug|Any CPU.ActiveCfg = Debug|Any CPU
		{2250A126-2CEA-4A10-A54B-6C91B0675763}.Debug|Any CPU.Build.0 = Debug|Any CPU
		{2250A126-2CEA-4A10-A54B-6C91B0675763}.Release|Any CPU.ActiveCfg = Release|Any CPU
		{2250A126-2CEA-4A10-A54B-6C91B0675763}.Release|Any CPU.Build.0 = Release|Any CPU
		{696F71D1-6689-4ECC-85B9-A44A211DF762}.Debug|Any CPU.ActiveCfg = Debug|Any CPU
		{696F71D1-6689-4ECC-85B9-A44A211DF762}.Debug|Any CPU.Build.0 = Debug|Any CPU
		{696F71D1-6689-4ECC-85B9-A44A211DF762}.Release|Any CPU.ActiveCfg = Release|Any CPU
		{696F71D1-6689-4ECC-85B9-A44A211DF762}.Release|Any CPU.Build.0 = Release|Any CPU
	EndGlobalSection
	GlobalSection(SolutionProperties) = preSolution
		HideSolutionNode = FALSE
	EndGlobalSection
	GlobalSection(ExtensibilityGlobals) = postSolution
		SolutionGuid = {BEF92081-548C-4FFC-82B1-B7FD9E0DE4B6}
	EndGlobalSection
EndGlobal
